
Microsoft Visual Studio Solution File, Format Version 12.00
# Visual Studio Version 17
VisualStudioVersion = 17.0.32014.148
MinimumVisualStudioVersion = 10.0.40219.1
Project("{FAE04EC0-301F-11D3-BF4B-00C04F79EFBC}") = "keystuff", "keystuff\keystuff.csproj", "{08B8F368-31C6-441A-BBA4-72714F403B1F}"
EndProject
Global
	GlobalSection(SolutionConfigurationPlatforms) = preSolution
		Debug|Any CPU = Debug|Any CPU
		Release|Any CPU = Release|Any CPU
	EndGlobalSection
	GlobalSection(ProjectConfigurationPlatforms) = postSolution
		{08B8F368-31C6-441A-BBA4-72714F403B1F}.Debug|Any CPU.ActiveCfg = Debug|Any CPU
		{08B8F368-31C6-441A-BBA4-72714F403B1F}.Debug|Any CPU.Build.0 = Debug|Any CPU
		{08B8F368-31C6-441A-BBA4-72714F403B1F}.Release|Any CPU.ActiveCfg = Release|Any CPU
		{08B8F368-31C6-441A-BBA4-72714F403B1F}.Release|Any CPU.Build.0 = Release|Any CPU
	EndGlobalSection
	GlobalSection(SolutionProperties) = preSolution
		HideSolutionNode = FALSE
	EndGlobalSection
	GlobalSection(ExtensibilityGlobals) = postSolution
		SolutionGuid = {5439C574-36CF-4EF9-8DEB-D0CAC132E6F8}
	EndGlobalSection
EndGlobal
